
Microsoft Visual Studio Solution File, Format Version 12.00
# Visual Studio Version 16
VisualStudioVersion = 16.0.31005.135
MinimumVisualStudioVersion = 10.0.40219.1
Project("{9A19103F-16F7-4668-BE54-9A1E7A4F7556}") = "Qubs", "Qubs\Qubs.csproj", "{700DB843-356B-43C4-9ECA-6BD9C13A45BA}"
EndProject
Global
	GlobalSection(SolutionConfigurationPlatforms) = preSolution
		Debug|Any CPU = Debug|Any CPU
		Release|Any CPU = Release|Any CPU
	EndGlobalSection
	GlobalSection(ProjectConfigurationPlatforms) = postSolution
		{700DB843-356B-43C4-9ECA-6BD9C13A45BA}.Debug|Any CPU.ActiveCfg = Debug|Any CPU
		{700DB843-356B-43C4-9ECA-6BD9C13A45BA}.Debug|Any CPU.Build.0 = Debug|Any CPU
		{700DB843-356B-43C4-9ECA-6BD9C13A45BA}.Release|Any CPU.ActiveCfg = Release|Any CPU
		{700DB843-356B-43C4-9ECA-6BD9C13A45BA}.Release|Any CPU.Build.0 = Release|Any CPU
	EndGlobalSection
	GlobalSection(SolutionProperties) = preSolution
		HideSolutionNode = FALSE
	EndGlobalSection
	GlobalSection(ExtensibilityGlobals) = postSolution
		SolutionGuid = {4A17DB7D-07C3-47B8-960A-A7862E8EC3FD}
	EndGlobalSection
EndGlobal
